{
  "version": 4,
  "terraform_version": "1.1.7",
  "serial": 38,
  "lineage": "59d63ab7-6404-cb02-c300-9ccdf214d6d5",
  "outputs": {},
  "resources": [
    {
      "mode": "managed",
      "type": "aws_internet_gateway",
      "name": "pavan-gateway",
      "provider": "provider[\"registry.terraform.io/hashicorp/aws\"]",
      "instances": [
        {
          "schema_version": 0,
          "attributes": {
            "arn": "arn:aws:ec2:us-east-1:567749627506:internet-gateway/igw-02134ad9f6e4fb015",
            "id": "igw-02134ad9f6e4fb015",
            "owner_id": "567749627506",
            "tags": {
              "Name": "pavan-gateway"
            },
            "tags_all": {
              "Name": "pavan-gateway"
            },
            "vpc_id": "vpc-09192de12bf895555"
          },
          "sensitive_attributes": [],
          "private": "bnVsbA==",
          "dependencies": [
            "aws_vpc.pavan-vpc"
          ]
        }
      ]
    },
    {
      "mode": "managed",
      "type": "aws_route",
      "name": "pavan-route",
      "provider": "provider[\"registry.terraform.io/hashicorp/aws\"]",
      "instances": [
        {
          "schema_version": 0,
          "attributes": {
            "carrier_gateway_id": "",
            "destination_cidr_block": "0.0.0.0/0",
            "destination_ipv6_cidr_block": "",
            "destination_prefix_list_id": "",
            "egress_only_gateway_id": "",
            "gateway_id": "igw-02134ad9f6e4fb015",
            "id": "r-rtb-0baffae80149b2d571080289494",
            "instance_id": "",
            "instance_owner_id": "",
            "local_gateway_id": "",
            "nat_gateway_id": "",
            "network_interface_id": "",
            "origin": "CreateRoute",
            "route_table_id": "rtb-0baffae80149b2d57",
            "state": "active",
            "timeouts": null,
            "transit_gateway_id": "",
            "vpc_endpoint_id": "",
            "vpc_peering_connection_id": ""
          },
          "sensitive_attributes": [],
          "private": "eyJlMmJmYjczMC1lY2FhLTExZTYtOGY4OC0zNDM2M2JjN2M0YzAiOnsiY3JlYXRlIjozMDAwMDAwMDAwMDAsImRlbGV0ZSI6MzAwMDAwMDAwMDAwLCJ1cGRhdGUiOjEyMDAwMDAwMDAwMH19",
          "dependencies": [
            "aws_internet_gateway.pavan-gateway",
            "aws_vpc.pavan-vpc"
          ]
        }
      ]
    },
    {
      "mode": "managed",
      "type": "aws_vpc",
      "name": "pavan-vpc",
      "provider": "provider[\"registry.terraform.io/hashicorp/aws\"]",
      "instances": [
        {
          "schema_version": 1,
          "attributes": {
            "arn": "arn:aws:ec2:us-east-1:567749627506:vpc/vpc-09192de12bf895555",
            "assign_generated_ipv6_cidr_block": false,
            "cidr_block": "21.21.0.0/16",
            "default_network_acl_id": "acl-0b4dd1def0c78f8b7",
            "default_route_table_id": "rtb-0baffae80149b2d57",
            "default_security_group_id": "sg-0ede5a0fcf07730ae",
            "dhcp_options_id": "dopt-006a7b5624a687836",
            "enable_classiclink": false,
            "enable_classiclink_dns_support": false,
            "enable_dns_hostnames": false,
            "enable_dns_support": true,
            "id": "vpc-09192de12bf895555",
            "instance_tenancy": "default",
            "ipv4_ipam_pool_id": null,
            "ipv4_netmask_length": null,
            "ipv6_association_id": "",
            "ipv6_cidr_block": "",
            "ipv6_cidr_block_network_border_group": "",
            "ipv6_ipam_pool_id": "",
            "ipv6_netmask_length": 0,
            "main_route_table_id": "rtb-0baffae80149b2d57",
            "owner_id": "567749627506",
            "tags": {
              "Name": "pavan-vpc"
            },
            "tags_all": {
              "Name": "pavan-vpc"
            }
          },
          "sensitive_attributes": [],
          "private": "eyJzY2hlbWFfdmVyc2lvbiI6IjEifQ=="
        }
      ]
    }
  ]
}
